
Microsoft Visual Studio Solution File, Format Version 12.00
# Visual Studio Version 17
VisualStudioVersion = 17.5.002.0
MinimumVisualStudioVersion = 10.0.40219.1
Project("{9A19103F-16F7-4668-BE54-9A1E7A4F7556}") = "api-ecommerce-maxima-tech", "api-ecommerce-maxima-tech.csproj", "{6FEFD5DD-A83D-4B9F-BD9F-F4A1847A452C}"
EndProject
Global
	GlobalSection(SolutionConfigurationPlatforms) = preSolution
		Debug|Any CPU = Debug|Any CPU
		Release|Any CPU = Release|Any CPU
	EndGlobalSection
	GlobalSection(ProjectConfigurationPlatforms) = postSolution
		{6FEFD5DD-A83D-4B9F-BD9F-F4A1847A452C}.Debug|Any CPU.ActiveCfg = Debug|Any CPU
		{6FEFD5DD-A83D-4B9F-BD9F-F4A1847A452C}.Debug|Any CPU.Build.0 = Debug|Any CPU
		{6FEFD5DD-A83D-4B9F-BD9F-F4A1847A452C}.Release|Any CPU.ActiveCfg = Release|Any CPU
		{6FEFD5DD-A83D-4B9F-BD9F-F4A1847A452C}.Release|Any CPU.Build.0 = Release|Any CPU
	EndGlobalSection
	GlobalSection(SolutionProperties) = preSolution
		HideSolutionNode = FALSE
	EndGlobalSection
	GlobalSection(ExtensibilityGlobals) = postSolution
		SolutionGuid = {D72F882C-F234-4D40-98F2-363BFB372D6B}
	EndGlobalSection
EndGlobal
